// !$*UTF8*$!
{
	archiveVersion = 1;
	classes = {
	};
	objectVersion = 46;
	objects = {

/* Begin PBXBuildFile section */
		5E11A3AE1AEB76B800C4CFA6 /* main.m in Sources */ = {isa = PBXBuildFile; fileRef = 5E11A3AD1AEB76B800C4CFA6 /* main.m */; };
		5E11A3B11AEB76B800C4CFA6 /* AppDelegate.m in Sources */ = {isa = PBXBuildFile; fileRef = 5E11A3B01AEB76B800C4CFA6 /* AppDelegate.m */; };
		5E11A3B41AEB76B800C4CFA6 /* ViewController.m in Sources */ = {isa = PBXBuildFile; fileRef = 5E11A3B31AEB76B800C4CFA6 /* ViewController.m */; };
		5E11A3B71AEB76B800C4CFA6 /* Main.storyboard in Resources */ = {isa = PBXBuildFile; fileRef = 5E11A3B51AEB76B800C4CFA6 /* Main.storyboard */; };
		5E11A3B91AEB76B800C4CFA6 /* Images.xcassets in Resources */ = {isa = PBXBuildFile; fileRef = 5E11A3B81AEB76B800C4CFA6 /* Images.xcassets */; };
		5E11A3BC1AEB76B800C4CFA6 /* LaunchScreen.xib in Resources */ = {isa = PBXBuildFile; fileRef = 5E11A3BA1AEB76B800C4CFA6 /* LaunchScreen.xib */; };
		5E11A3C81AEB76B800C4CFA6 /* TrueTweetTests.m in Sources */ = {isa = PBXBuildFile; fileRef = 5E11A3C71AEB76B800C4CFA6 /* TrueTweetTests.m */; };
		5E11A3D51AEB77C600C4CFA6 /* TwitterKit.framework in Frameworks */ = {isa = PBXBuildFile; fileRef = 5E11A3D21AEB77C600C4CFA6 /* TwitterKit.framework */; };
		5E11A3D61AEB77C600C4CFA6 /* TwitterKitResources.bundle in Resources */ = {isa = PBXBuildFile; fileRef = 5E11A3D31AEB77C600C4CFA6 /* TwitterKitResources.bundle */; };
		5E11A3D71AEB77C600C4CFA6 /* Fabric.framework in Frameworks */ = {isa = PBXBuildFile; fileRef = 5E11A3D41AEB77C600C4CFA6 /* Fabric.framework */; };
		5E11A3DB1AEB88DB00C4CFA6 /* WebRequester.m in Sources */ = {isa = PBXBuildFile; fileRef = 5E11A3DA1AEB88DB00C4CFA6 /* WebRequester.m */; };
		5E11A3DF1AEBA9B900C4CFA6 /* Model.m in Sources */ = {isa = PBXBuildFile; fileRef = 5E11A3DE1AEBA9B900C4CFA6 /* Model.m */; };
		5E11A3E91AEBC83200C4CFA6 /* FetchTweets.m in Sources */ = {isa = PBXBuildFile; fileRef = 5E11A3E81AEBC83200C4CFA6 /* FetchTweets.m */; };
		5E11A3EC1AEBE28600C4CFA6 /* HomeViewController.m in Sources */ = {isa = PBXBuildFile; fileRef = 5E11A3EB1AEBE28600C4CFA6 /* HomeViewController.m */; };
		5E11A3F01AEC383E00C4CFA6 /* FilterAlertView.xib in Resources */ = {isa = PBXBuildFile; fileRef = 5E11A3EF1AEC383E00C4CFA6 /* FilterAlertView.xib */; };
		5E11A3F31AEC3C2500C4CFA6 /* FilterAlertView.m in Sources */ = {isa = PBXBuildFile; fileRef = 5E11A3F21AEC3C2500C4CFA6 /* FilterAlertView.m */; };
		5E5588221AEC76C90048715F /* MBProgressHUD.m in Sources */ = {isa = PBXBuildFile; fileRef = 5E5588211AEC76C90048715F /* MBProgressHUD.m */; };
/* End PBXBuildFile section */

/* Begin PBXContainerItemProxy section */
		5E11A3C21AEB76B800C4CFA6 /* PBXContainerItemProxy */ = {
			isa = PBXContainerItemProxy;
			containerPortal = 5E11A3A01AEB76B800C4CFA6 /* Project object */;
			proxyType = 1;
			remoteGlobalIDString = 5E11A3A71AEB76B800C4CFA6;
			remoteInfo = TrueTweet;
		};
/* End PBXContainerItemProxy section */

/* Begin PBXFileReference section */
		5E11A3A81AEB76B800C4CFA6 /* TrueTweet.app */ = {isa = PBXFileReference; explicitFileType = wrapper.application; includeInIndex = 0; path = TrueTweet.app; sourceTree = BUILT_PRODUCTS_DIR; };
		5E11A3AC1AEB76B800C4CFA6 /* Info.plist */ = {isa = PBXFileReference; lastKnownFileType = text.plist.xml; path = Info.plist; sourceTree = "<group>"; };
		5E11A3AD1AEB76B800C4CFA6 /* main.m */ = {isa = PBXFileReference; lastKnownFileType = sourcecode.c.objc; path = main.m; sourceTree = "<group>"; };
		5E11A3AF1AEB76B800C4CFA6 /* AppDelegate.h */ = {isa = PBXFileReference; lastKnownFileType = sourcecode.c.h; path = AppDelegate.h; sourceTree = "<group>"; };
		5E11A3B01AEB76B800C4CFA6 /* AppDelegate.m */ = {isa = PBXFileReference; lastKnownFileType = sourcecode.c.objc; path = AppDelegate.m; sourceTree = "<group>"; };
		5E11A3B21AEB76B800C4CFA6 /* ViewController.h */ = {isa = PBXFileReference; lastKnownFileType = sourcecode.c.h; path = ViewController.h; sourceTree = "<group>"; };
		5E11A3B31AEB76B800C4CFA6 /* ViewController.m */ = {isa = PBXFileReference; lastKnownFileType = sourcecode.c.objc; path = ViewController.m; sourceTree = "<group>"; };
		5E11A3B61AEB76B800C4CFA6 /* Base */ = {isa = PBXFileReference; lastKnownFileType = file.storyboard; name = Base; path = Base.lproj/Main.storyboard; sourceTree = "<group>"; };
		5E11A3B81AEB76B800C4CFA6 /* Images.xcassets */ = {isa = PBXFileReference; lastKnownFileType = folder.assetcatalog; path = Images.xcassets; sourceTree = "<group>"; };
		5E11A3BB1AEB76B800C4CFA6 /* Base */ = {isa = PBXFileReference; lastKnownFileType = file.xib; name = Base; path = Base.lproj/LaunchScreen.xib; sourceTree = "<group>"; };
		5E11A3C11AEB76B800C4CFA6 /* TrueTweetTests.xctest */ = {isa = PBXFileReference; explicitFileType = wrapper.cfbundle; includeInIndex = 0; path = TrueTweetTests.xctest; sourceTree = BUILT_PRODUCTS_DIR; };
		5E11A3C61AEB76B800C4CFA6 /* Info.plist */ = {isa = PBXFileReference; lastKnownFileType = text.plist.xml; path = Info.plist; sourceTree = "<group>"; };
		5E11A3C71AEB76B800C4CFA6 /* TrueTweetTests.m */ = {isa = PBXFileReference; lastKnownFileType = sourcecode.c.objc; path = TrueTweetTests.m; sourceTree = "<group>"; };
		5E11A3D21AEB77C600C4CFA6 /* TwitterKit.framework */ = {isa = PBXFileReference; lastKnownFileType = wrapper.framework; path = TwitterKit.framework; sourceTree = "<group>"; };
		5E11A3D31AEB77C600C4CFA6 /* TwitterKitResources.bundle */ = {isa = PBXFileReference; lastKnownFileType = "wrapper.plug-in"; name = TwitterKitResources.bundle; path = TwitterKit.framework/Versions/A/Resources/TwitterKitResources.bundle; sourceTree = "<group>"; };
		5E11A3D41AEB77C600C4CFA6 /* Fabric.framework */ = {isa = PBXFileReference; lastKnownFileType = wrapper.framework; path = Fabric.framework; sourceTree = "<group>"; };
		5E11A3D91AEB88DB00C4CFA6 /* WebRequester.h */ = {isa = PBXFileReference; fileEncoding = 4; lastKnownFileType = sourcecode.c.h; path = WebRequester.h; sourceTree = "<group>"; };
		5E11A3DA1AEB88DB00C4CFA6 /* WebRequester.m */ = {isa = PBXFileReference; fileEncoding = 4; lastKnownFileType = sourcecode.c.objc; path = WebRequester.m; sourceTree = "<group>"; };
		5E11A3DD1AEBA9B900C4CFA6 /* Model.h */ = {isa = PBXFileReference; fileEncoding = 4; lastKnownFileType = sourcecode.c.h; path = Model.h; sourceTree = "<group>"; };
		5E11A3DE1AEBA9B900C4CFA6 /* Model.m */ = {isa = PBXFileReference; fileEncoding = 4; lastKnownFileType = sourcecode.c.objc; path = Model.m; sourceTree = "<group>"; };
		5E11A3E71AEBC83200C4CFA6 /* FetchTweets.h */ = {isa = PBXFileReference; fileEncoding = 4; lastKnownFileType = sourcecode.c.h; path = FetchTweets.h; sourceTree = "<group>"; };
		5E11A3E81AEBC83200C4CFA6 /* FetchTweets.m */ = {isa = PBXFileReference; fileEncoding = 4; lastKnownFileType = sourcecode.c.objc; path = FetchTweets.m; sourceTree = "<group>"; };
		5E11A3EA1AEBE28600C4CFA6 /* HomeViewController.h */ = {isa = PBXFileReference; fileEncoding = 4; lastKnownFileType = sourcecode.c.h; path = HomeViewController.h; sourceTree = "<group>"; };
		5E11A3EB1AEBE28600C4CFA6 /* HomeViewController.m */ = {isa = PBXFileReference; fileEncoding = 4; lastKnownFileType = sourcecode.c.objc; path = HomeViewController.m; sourceTree = "<group>"; };
		5E11A3EF1AEC383E00C4CFA6 /* FilterAlertView.xib */ = {isa = PBXFileReference; fileEncoding = 4; lastKnownFileType = file.xib; path = FilterAlertView.xib; sourceTree = "<group>"; };
		5E11A3F11AEC3C2500C4CFA6 /* FilterAlertView.h */ = {isa = PBXFileReference; fileEncoding = 4; lastKnownFileType = sourcecode.c.h; path = FilterAlertView.h; sourceTree = "<group>"; };
		5E11A3F21AEC3C2500C4CFA6 /* FilterAlertView.m */ = {isa = PBXFileReference; fileEncoding = 4; lastKnownFileType = sourcecode.c.objc; path = FilterAlertView.m; sourceTree = "<group>"; };
		5E5588201AEC76C90048715F /* MBProgressHUD.h */ = {isa = PBXFileReference; fileEncoding = 4; lastKnownFileType = sourcecode.c.h; path = MBProgressHUD.h; sourceTree = "<group>"; };
		5E5588211AEC76C90048715F /* MBProgressHUD.m */ = {isa = PBXFileReference; fileEncoding = 4; lastKnownFileType = sourcecode.c.objc; path = MBProgressHUD.m; sourceTree = "<group>"; };
/* End PBXFileReference section */

/* Begin PBXFrameworksBuildPhase section */
		5E11A3A51AEB76B800C4CFA6 /* Frameworks */ = {
			isa = PBXFrameworksBuildPhase;
			buildActionMask = 2147483647;
			files = (
				5E11A3D51AEB77C600C4CFA6 /* TwitterKit.framework in Frameworks */,
				5E11A3D71AEB77C600C4CFA6 /* Fabric.framework in Frameworks */,
			);
			runOnlyForDeploymentPostprocessing = 0;
		};
		5E11A3BE1AEB76B800C4CFA6 /* Frameworks */ = {
			isa = PBXFrameworksBuildPhase;
			buildActionMask = 2147483647;
			files = (
			);
			runOnlyForDeploymentPostprocessing = 0;
		};
/* End PBXFrameworksBuildPhase section */

/* Begin PBXGroup section */
		5E11A39F1AEB76B800C4CFA6 = {
			isa = PBXGroup;
			children = (
				5E11A3D21AEB77C600C4CFA6 /* TwitterKit.framework */,
				5E11A3D31AEB77C600C4CFA6 /* TwitterKitResources.bundle */,
				5E11A3D41AEB77C600C4CFA6 /* Fabric.framework */,
				5E11A3AA1AEB76B800C4CFA6 /* TrueTweet */,
				5E11A3C41AEB76B800C4CFA6 /* TrueTweetTests */,
				5E11A3A91AEB76B800C4CFA6 /* Products */,
			);
			sourceTree = "<group>";
		};
		5E11A3A91AEB76B800C4CFA6 /* Products */ = {
			isa = PBXGroup;
			children = (
				5E11A3A81AEB76B800C4CFA6 /* TrueTweet.app */,
				5E11A3C11AEB76B800C4CFA6 /* TrueTweetTests.xctest */,
			);
			name = Products;
			sourceTree = "<group>";
		};
		5E11A3AA1AEB76B800C4CFA6 /* TrueTweet */ = {
			isa = PBXGroup;
			children = (
				5E11A3AF1AEB76B800C4CFA6 /* AppDelegate.h */,
				5E11A3B01AEB76B800C4CFA6 /* AppDelegate.m */,
				5E11A3ED1AEC37FD00C4CFA6 /* View */,
				5E11A3DC1AEBA99600C4CFA6 /* Business */,
				5E11A3D81AEB88A000C4CFA6 /* HTTP */,
				5E11A3B21AEB76B800C4CFA6 /* ViewController.h */,
				5E11A3B31AEB76B800C4CFA6 /* ViewController.m */,
				5E11A3EA1AEBE28600C4CFA6 /* HomeViewController.h */,
				5E11A3EB1AEBE28600C4CFA6 /* HomeViewController.m */,
				5E11A3B51AEB76B800C4CFA6 /* Main.storyboard */,
				5E11A3B81AEB76B800C4CFA6 /* Images.xcassets */,
				5E11A3BA1AEB76B800C4CFA6 /* LaunchScreen.xib */,
				5E11A3AB1AEB76B800C4CFA6 /* Supporting Files */,
			);
			path = TrueTweet;
			sourceTree = "<group>";
		};
		5E11A3AB1AEB76B800C4CFA6 /* Supporting Files */ = {
			isa = PBXGroup;
			children = (
				5E11A3AC1AEB76B800C4CFA6 /* Info.plist */,
				5E11A3AD1AEB76B800C4CFA6 /* main.m */,
			);
			name = "Supporting Files";
			sourceTree = "<group>";
		};
		5E11A3C41AEB76B800C4CFA6 /* TrueTweetTests */ = {
			isa = PBXGroup;
			children = (
				5E11A3C71AEB76B800C4CFA6 /* TrueTweetTests.m */,
				5E11A3C51AEB76B800C4CFA6 /* Supporting Files */,
			);
			path = TrueTweetTests;
			sourceTree = "<group>";
		};
		5E11A3C51AEB76B800C4CFA6 /* Supporting Files */ = {
			isa = PBXGroup;
			children = (
				5E11A3C61AEB76B800C4CFA6 /* Info.plist */,
			);
			name = "Supporting Files";
			sourceTree = "<group>";
		};
		5E11A3D81AEB88A000C4CFA6 /* HTTP */ = {
			isa = PBXGroup;
			children = (
				5E11A3D91AEB88DB00C4CFA6 /* WebRequester.h */,
				5E11A3DA1AEB88DB00C4CFA6 /* WebRequester.m */,
				5E11A3E61AEBC81600C4CFA6 /* Parser */,
			);
			name = HTTP;
			sourceTree = "<group>";
		};
		5E11A3DC1AEBA99600C4CFA6 /* Business */ = {
			isa = PBXGroup;
			children = (
				5E11A3DD1AEBA9B900C4CFA6 /* Model.h */,
				5E11A3DE1AEBA9B900C4CFA6 /* Model.m */,
			);
			name = Business;
			sourceTree = "<group>";
		};
		5E11A3E61AEBC81600C4CFA6 /* Parser */ = {
			isa = PBXGroup;
			children = (
				5E11A3E71AEBC83200C4CFA6 /* FetchTweets.h */,
				5E11A3E81AEBC83200C4CFA6 /* FetchTweets.m */,
			);
			name = Parser;
			sourceTree = "<group>";
		};
		5E11A3ED1AEC37FD00C4CFA6 /* View */ = {
			isa = PBXGroup;
			children = (
				5E11A3EE1AEC380B00C4CFA6 /* XIB */,
				5E11A3F11AEC3C2500C4CFA6 /* FilterAlertView.h */,
				5E11A3F21AEC3C2500C4CFA6 /* FilterAlertView.m */,
				5E5588201AEC76C90048715F /* MBProgressHUD.h */,
				5E5588211AEC76C90048715F /* MBProgressHUD.m */,
			);
			name = View;
			sourceTree = "<group>";
		};
		5E11A3EE1AEC380B00C4CFA6 /* XIB */ = {
			isa = PBXGroup;
			children = (
				5E11A3EF1AEC383E00C4CFA6 /* FilterAlertView.xib */,
			);
			name = XIB;
			sourceTree = "<group>";
		};
/* End PBXGroup section */

/* Begin PBXNativeTarget section */
		5E11A3A71AEB76B800C4CFA6 /* TrueTweet */ = {
			isa = PBXNativeTarget;
			buildConfigurationList = 5E11A3CB1AEB76B800C4CFA6 /* Build configuration list for PBXNativeTarget "TrueTweet" */;
			buildPhases = (
				5E11A3A41AEB76B800C4CFA6 /* Sources */,
				5E11A3A51AEB76B800C4CFA6 /* Frameworks */,
				5E11A3A61AEB76B800C4CFA6 /* Resources */,
				5E11A3D11AEB775600C4CFA6 /* ShellScript */,
			);
			buildRules = (
			);
			dependencies = (
			);
			name = TrueTweet;
			productName = TrueTweet;
			productReference = 5E11A3A81AEB76B800C4CFA6 /* TrueTweet.app */;
			productType = "com.apple.product-type.application";
		};
		5E11A3C01AEB76B800C4CFA6 /* TrueTweetTests */ = {
			isa = PBXNativeTarget;
			buildConfigurationList = 5E11A3CE1AEB76B800C4CFA6 /* Build configuration list for PBXNativeTarget "TrueTweetTests" */;
			buildPhases = (
				5E11A3BD1AEB76B800C4CFA6 /* Sources */,
				5E11A3BE1AEB76B800C4CFA6 /* Frameworks */,
				5E11A3BF1AEB76B800C4CFA6 /* Resources */,
			);
			buildRules = (
			);
			dependencies = (
				5E11A3C31AEB76B800C4CFA6 /* PBXTargetDependency */,
			);
			name = TrueTweetTests;
			productName = TrueTweetTests;
			productReference = 5E11A3C11AEB76B800C4CFA6 /* TrueTweetTests.xctest */;
			productType = "com.apple.product-type.bundle.unit-test";
		};
/* End PBXNativeTarget section */

/* Begin PBXProject section */
		5E11A3A01AEB76B800C4CFA6 /* Project object */ = {
			isa = PBXProject;
			attributes = {
				LastUpgradeCheck = 0630;
				ORGANIZATIONNAME = Housing;
				TargetAttributes = {
					5E11A3A71AEB76B800C4CFA6 = {
						CreatedOnToolsVersion = 6.3.1;
					};
					5E11A3C01AEB76B800C4CFA6 = {
						CreatedOnToolsVersion = 6.3.1;
						TestTargetID = 5E11A3A71AEB76B800C4CFA6;
					};
				};
			};
			buildConfigurationList = 5E11A3A31AEB76B800C4CFA6 /* Build configuration list for PBXProject "TrueTweet" */;
			compatibilityVersion = "Xcode 3.2";
			developmentRegion = English;
			hasScannedForEncodings = 0;
			knownRegions = (
				en,
				Base,
			);
			mainGroup = 5E11A39F1AEB76B800C4CFA6;
			productRefGroup = 5E11A3A91AEB76B800C4CFA6 /* Products */;
			projectDirPath = "";
			projectRoot = "";
			targets = (
				5E11A3A71AEB76B800C4CFA6 /* TrueTweet */,
				5E11A3C01AEB76B800C4CFA6 /* TrueTweetTests */,
			);
		};
/* End PBXProject section */

/* Begin PBXResourcesBuildPhase section */
		5E11A3A61AEB76B800C4CFA6 /* Resources */ = {
			isa = PBXResourcesBuildPhase;
			buildActionMask = 2147483647;
			files = (
				5E11A3D61AEB77C600C4CFA6 /* TwitterKitResources.bundle in Resources */,
				5E11A3B71AEB76B800C4CFA6 /* Main.storyboard in Resources */,
				5E11A3F01AEC383E00C4CFA6 /* FilterAlertView.xib in Resources */,
				5E11A3BC1AEB76B800C4CFA6 /* LaunchScreen.xib in Resources */,
				5E11A3B91AEB76B800C4CFA6 /* Images.xcassets in Resources */,
			);
			runOnlyForDeploymentPostprocessing = 0;
		};
		5E11A3BF1AEB76B800C4CFA6 /* Resources */ = {
			isa = PBXResourcesBuildPhase;
			buildActionMask = 2147483647;
			files = (
			);
			runOnlyForDeploymentPostprocessing = 0;
		};
/* End PBXResourcesBuildPhase section */

/* Begin PBXShellScriptBuildPhase section */
		5E11A3D11AEB775600C4CFA6 /* ShellScript */ = {
			isa = PBXShellScriptBuildPhase;
			buildActionMask = 2147483647;
			files = (
			);
			inputPaths = (
			);
			outputPaths = (
			);
			runOnlyForDeploymentPostprocessing = 0;
			shellPath = /bin/sh;
			shellScript = "./Fabric.framework/run e02476a35826c15c7c9d88b628fe991851a6dd73 94ea7bed16b81f2a61aeec7abf6967cf961f42b89a9e0d15abdd18e4fdc6b0f9";
		};
/* End PBXShellScriptBuildPhase section */

/* Begin PBXSourcesBuildPhase section */
		5E11A3A41AEB76B800C4CFA6 /* Sources */ = {
			isa = PBXSourcesBuildPhase;
			buildActionMask = 2147483647;
			files = (
				5E11A3B41AEB76B800C4CFA6 /* ViewController.m in Sources */,
				5E11A3B11AEB76B800C4CFA6 /* AppDelegate.m in Sources */,
				5E11A3AE1AEB76B800C4CFA6 /* main.m in Sources */,
				5E11A3E91AEBC83200C4CFA6 /* FetchTweets.m in Sources */,
				5E5588221AEC76C90048715F /* MBProgressHUD.m in Sources */,
				5E11A3DB1AEB88DB00C4CFA6 /* WebRequester.m in Sources */,
				5E11A3F31AEC3C2500C4CFA6 /* FilterAlertView.m in Sources */,
				5E11A3EC1AEBE28600C4CFA6 /* HomeViewController.m in Sources */,
				5E11A3DF1AEBA9B900C4CFA6 /* Model.m in Sources */,
			);
			runOnlyForDeploymentPostprocessing = 0;
		};
		5E11A3BD1AEB76B800C4CFA6 /* Sources */ = {
			isa = PBXSourcesBuildPhase;
			buildActionMask = 2147483647;
			files = (
				5E11A3C81AEB76B800C4CFA6 /* TrueTweetTests.m in Sources */,
			);
			runOnlyForDeploymentPostprocessing = 0;
		};
/* End PBXSourcesBuildPhase section */

/* Begin PBXTargetDependency section */
		5E11A3C31AEB76B800C4CFA6 /* PBXTargetDependency */ = {
			isa = PBXTargetDependency;
			target = 5E11A3A71AEB76B800C4CFA6 /* TrueTweet */;
			targetProxy = 5E11A3C21AEB76B800C4CFA6 /* PBXContainerItemProxy */;
		};
/* End PBXTargetDependency section */

/* Begin PBXVariantGroup section */
		5E11A3B51AEB76B800C4CFA6 /* Main.storyboard */ = {
			isa = PBXVariantGroup;
			children = (
				5E11A3B61AEB76B800C4CFA6 /* Base */,
			);
			name = Main.storyboard;
			sourceTree = "<group>";
		};
		5E11A3BA1AEB76B800C4CFA6 /* LaunchScreen.xib */ = {
			isa = PBXVariantGroup;
			children = (
				5E11A3BB1AEB76B800C4CFA6 /* Base */,
			);
			name = LaunchScreen.xib;
			sourceTree = "<group>";
		};
/* End PBXVariantGroup section */

/* Begin XCBuildConfiguration section */
		5E11A3C91AEB76B800C4CFA6 /* Debug */ = {
			isa = XCBuildConfiguration;
			buildSettings = {
				ALWAYS_SEARCH_USER_PATHS = NO;
				CLANG_CXX_LANGUAGE_STANDARD = "gnu++0x";
				CLANG_CXX_LIBRARY = "libc++";
				CLANG_ENABLE_MODULES = YES;
				CLANG_ENABLE_OBJC_ARC = YES;
				CLANG_WARN_BOOL_CONVERSION = YES;
				CLANG_WARN_CONSTANT_CONVERSION = YES;
				CLANG_WARN_DIRECT_OBJC_ISA_USAGE = YES_ERROR;
				CLANG_WARN_EMPTY_BODY = YES;
				CLANG_WARN_ENUM_CONVERSION = YES;
				CLANG_WARN_INT_CONVERSION = YES;
				CLANG_WARN_OBJC_ROOT_CLASS = YES_ERROR;
				CLANG_WARN_UNREACHABLE_CODE = YES;
				CLANG_WARN__DUPLICATE_METHOD_MATCH = YES;
				"CODE_SIGN_IDENTITY[sdk=iphoneos*]" = "iPhone Developer";
				COPY_PHASE_STRIP = NO;
				DEBUG_INFORMATION_FORMAT = "dwarf-with-dsym";
				ENABLE_STRICT_OBJC_MSGSEND = YES;
				GCC_C_LANGUAGE_STANDARD = gnu99;
				GCC_DYNAMIC_NO_PIC = NO;
				GCC_NO_COMMON_BLOCKS = YES;
				GCC_OPTIMIZATION_LEVEL = 0;
				GCC_PREPROCESSOR_DEFINITIONS = (
					"DEBUG=1",
					"$(inherited)",
				);
				GCC_SYMBOLS_PRIVATE_EXTERN = NO;
				GCC_WARN_64_TO_32_BIT_CONVERSION = YES;
				GCC_WARN_ABOUT_RETURN_TYPE = YES_ERROR;
				GCC_WARN_UNDECLARED_SELECTOR = YES;
				GCC_WARN_UNINITIALIZED_AUTOS = YES_AGGRESSIVE;
				GCC_WARN_UNUSED_FUNCTION = YES;
				GCC_WARN_UNUSED_VARIABLE = YES;
				IPHONEOS_DEPLOYMENT_TARGET = 8.3;
				MTL_ENABLE_DEBUG_INFO = YES;
				ONLY_ACTIVE_ARCH = YES;
				SDKROOT = iphoneos;
				TARGETED_DEVICE_FAMILY = "1,2";
			};
			name = Debug;
		};
		5E11A3CA1AEB76B800C4CFA6 /* Release */ = {
			isa = XCBuildConfiguration;
			buildSettings = {
				ALWAYS_SEARCH_USER_PATHS = NO;
				CLANG_CXX_LANGUAGE_STANDARD = "gnu++0x";
				CLANG_CXX_LIBRARY = "libc++";
				CLANG_ENABLE_MODULES = YES;
				CLANG_ENABLE_OBJC_ARC = YES;
				CLANG_WARN_BOOL_CONVERSION = YES;
				CLANG_WARN_CONSTANT_CONVERSION = YES;
				CLANG_WARN_DIRECT_OBJC_ISA_USAGE = YES_ERROR;
				CLANG_WARN_EMPTY_BODY = YES;
				CLANG_WARN_ENUM_CONVERSION = YES;
				CLANG_WARN_INT_CONVERSION = YES;
				CLANG_WARN_OBJC_ROOT_CLASS = YES_ERROR;
				CLANG_WARN_UNREACHABLE_CODE = YES;
				CLANG_WARN__DUPLICATE_METHOD_MATCH = YES;
				"CODE_SIGN_IDENTITY[sdk=iphoneos*]" = "iPhone Developer";
				COPY_PHASE_STRIP = NO;
				DEBUG_INFORMATION_FORMAT = "dwarf-with-dsym";
				ENABLE_NS_ASSERTIONS = NO;
				ENABLE_STRICT_OBJC_MSGSEND = YES;
				GCC_C_LANGUAGE_STANDARD = gnu99;
				GCC_NO_COMMON_BLOCKS = YES;
				GCC_WARN_64_TO_32_BIT_CONVERSION = YES;
				GCC_WARN_ABOUT_RETURN_TYPE = YES_ERROR;
				GCC_WARN_UNDECLARED_SELECTOR = YES;
				GCC_WARN_UNINITIALIZED_AUTOS = YES_AGGRESSIVE;
				GCC_WARN_UNUSED_FUNCTION = YES;
				GCC_WARN_UNUSED_VARIABLE = YES;
				IPHONEOS_DEPLOYMENT_TARGET = 8.3;
				MTL_ENABLE_DEBUG_INFO = NO;
				SDKROOT = iphoneos;
				TARGETED_DEVICE_FAMILY = "1,2";
				VALIDATE_PRODUCT = YES;
			};
			name = Release;
		};
		5E11A3CC1AEB76B800C4CFA6 /* Debug */ = {
			isa = XCBuildConfiguration;
			buildSettings = {
				ASSETCATALOG_COMPILER_APPICON_NAME = AppIcon;
				FRAMEWORK_SEARCH_PATHS = (
					"$(inherited)",
					"$(PROJECT_DIR)",
				);
				INFOPLIST_FILE = TrueTweet/Info.plist;
				LD_RUNPATH_SEARCH_PATHS = "$(inherited) @executable_path/Frameworks";
				PRODUCT_NAME = "$(TARGET_NAME)";
			};
			name = Debug;
		};
		5E11A3CD1AEB76B800C4CFA6 /* Release */ = {
			isa = XCBuildConfiguration;
			buildSettings = {
				ASSETCATALOG_COMPILER_APPICON_NAME = AppIcon;
				FRAMEWORK_SEARCH_PATHS = (
					"$(inherited)",
					"$(PROJECT_DIR)",
				);
				INFOPLIST_FILE = TrueTweet/Info.plist;
				LD_RUNPATH_SEARCH_PATHS = "$(inherited) @executable_path/Frameworks";
				PRODUCT_NAME = "$(TARGET_NAME)";
			};
			name = Release;
		};
		5E11A3CF1AEB76B800C4CFA6 /* Debug */ = {
			isa = XCBuildConfiguration;
			buildSettings = {
				BUNDLE_LOADER = "$(TEST_HOST)";
				FRAMEWORK_SEARCH_PATHS = (
					"$(SDKROOT)/Developer/Library/Frameworks",
					"$(inherited)",
				);
				GCC_PREPROCESSOR_DEFINITIONS = (
					"DEBUG=1",
					"$(inherited)",
				);
				INFOPLIST_FILE = TrueTweetTests/Info.plist;
				LD_RUNPATH_SEARCH_PATHS = "$(inherited) @executable_path/Frameworks @loader_path/Frameworks";
				PRODUCT_NAME = "$(TARGET_NAME)";
				TEST_HOST = "$(BUILT_PRODUCTS_DIR)/TrueTweet.app/TrueTweet";
			};
			name = Debug;
		};
		5E11A3D01AEB76B800C4CFA6 /* Release */ = {
			isa = XCBuildConfiguration;
			buildSettings = {
				BUNDLE_LOADER = "$(TEST_HOST)";
				FRAMEWORK_SEARCH_PATHS = (
					"$(SDKROOT)/Developer/Library/Frameworks",
					"$(inherited)",
				);
				INFOPLIST_FILE = TrueTweetTests/Info.plist;
				LD_RUNPATH_SEARCH_PATHS = "$(inherited) @executable_path/Frameworks @loader_path/Frameworks";
				PRODUCT_NAME = "$(TARGET_NAME)";
				TEST_HOST = "$(BUILT_PRODUCTS_DIR)/TrueTweet.app/TrueTweet";
			};
			name = Release;
		};
/* End XCBuildConfiguration section */

/* Begin XCConfigurationList section */
		5E11A3A31AEB76B800C4CFA6 /* Build configuration list for PBXProject "TrueTweet" */ = {
			isa = XCConfigurationList;
			buildConfigurations = (
				5E11A3C91AEB76B800C4CFA6 /* Debug */,
				5E11A3CA1AEB76B800C4CFA6 /* Release */,
			);
			defaultConfigurationIsVisible = 0;
			defaultConfigurationName = Release;
		};
		5E11A3CB1AEB76B800C4CFA6 /* Build configuration list for PBXNativeTarget "TrueTweet" */ = {
			isa = XCConfigurationList;
			buildConfigurations = (
				5E11A3CC1AEB76B800C4CFA6 /* Debug */,
				5E11A3CD1AEB76B800C4CFA6 /* Release */,
			);
			defaultConfigurationIsVisible = 0;
			defaultConfigurationName = Release;
		};
		5E11A3CE1AEB76B800C4CFA6 /* Build configuration list for PBXNativeTarget "TrueTweetTests" */ = {
			isa = XCConfigurationList;
			buildConfigurations = (
				5E11A3CF1AEB76B800C4CFA6 /* Debug */,
				5E11A3D01AEB76B800C4CFA6 /* Release */,
			);
			defaultConfigurationIsVisible = 0;
			defaultConfigurationName = Release;
		};
/* End XCConfigurationList section */
	};
	rootObject = 5E11A3A01AEB76B800C4CFA6 /* Project object */;
}
